{
  "name": "illustrator-path-join",
  "version": "0.1.0",
  "lockfileVersion": 1,
  "requires": true,
  "dependencies": {
    "types-for-adobe": {
      "version": "6.0.1",
      "resolved": "https://registry.npmjs.org/types-for-adobe/-/types-for-adobe-6.0.1.tgz",
      "integrity": "sha512-kEW6ne8deCUrVua5sYRnb3kRRvVLicwzhnKbqbus585o9LyQjklbo3XDsfIzWiF2aA0oFjgcE5B1Bz+EWQG0nw==",
      "dev": true
    },
    "typescript": {
      "version": "4.0.3",
      "resolved": "https://registry.npmjs.org/typescript/-/typescript-4.0.3.tgz",
      "integrity": "sha512-tEu6DGxGgRJPb/mVPIZ48e69xCn2yRmCgYmDugAVwmJ6o+0u1RI18eO7E7WBTLYLaEVVOhwQmcdhQHweux/WPg==",
      "dev": true
    }
  }
}
